// !$*UTF8*$!
{
	archiveVersion = 1;
	classes = {
	};
	objectVersion = 50;
	objects = {

/* Begin PBXBuildFile section */
		550DCA5A228ACAF400A04E7F /* ListCell.swift in Sources */ = {isa = PBXBuildFile; fileRef = 550DCA59228ACAF400A04E7F /* ListCell.swift */; };
		5541767F229458A700AE8E8F /* RecipeController.swift in Sources */ = {isa = PBXBuildFile; fileRef = 5541767E229458A700AE8E8F /* RecipeController.swift */; };
		55417681229458D000AE8E8F /* RecipeInstructionCell.swift in Sources */ = {isa = PBXBuildFile; fileRef = 55417680229458D000AE8E8F /* RecipeInstructionCell.swift */; };
		554176832294591800AE8E8F /* RecipeInformationController.swift in Sources */ = {isa = PBXBuildFile; fileRef = 554176822294591800AE8E8F /* RecipeInformationController.swift */; };
		554176852294595700AE8E8F /* RecipeProductCell.swift in Sources */ = {isa = PBXBuildFile; fileRef = 554176842294595700AE8E8F /* RecipeProductCell.swift */; };
		55417687229463A900AE8E8F /* RecipeCell.swift in Sources */ = {isa = PBXBuildFile; fileRef = 55417686229463A900AE8E8F /* RecipeCell.swift */; };
		55772E0C228C5ACF00211630 /* HeaderList.xib in Resources */ = {isa = PBXBuildFile; fileRef = 55772E0B228C5ACF00211630 /* HeaderList.xib */; };
		55772E0E228C5AE000211630 /* HeaderList.swift in Sources */ = {isa = PBXBuildFile; fileRef = 55772E0D228C5AE000211630 /* HeaderList.swift */; };
		55B827C722C27EF2001903FD /* ListGetItems.swift in Sources */ = {isa = PBXBuildFile; fileRef = 55B827C622C27EF2001903FD /* ListGetItems.swift */; };
		55BC4F102296E9F8001D231A /* HeaderRecipe.swift in Sources */ = {isa = PBXBuildFile; fileRef = 55BC4F0F2296E9F8001D231A /* HeaderRecipe.swift */; };
		55BC4F122296EA0B001D231A /* HeaderRecipe.xib in Resources */ = {isa = PBXBuildFile; fileRef = 55BC4F112296EA0B001D231A /* HeaderRecipe.xib */; };
		55BDA4CC22A024F70044B6AE /* NewCategoryViewController.swift in Sources */ = {isa = PBXBuildFile; fileRef = 55BDA4CB22A024F70044B6AE /* NewCategoryViewController.swift */; };
		55BDA4CE22A026320044B6AE /* CategoryCircleView.swift in Sources */ = {isa = PBXBuildFile; fileRef = 55BDA4CD22A026320044B6AE /* CategoryCircleView.swift */; };
		55DA3781229D8BA3000712CA /* VPAutoComplete.swift in Sources */ = {isa = PBXBuildFile; fileRef = 55DA3780229D8BA3000712CA /* VPAutoComplete.swift */; };
		55DA3783229D8BC6000712CA /* VPAutoCompleteViewCell.swift in Sources */ = {isa = PBXBuildFile; fileRef = 55DA3782229D8BC6000712CA /* VPAutoCompleteViewCell.swift */; };
		55DA3785229D8BEA000712CA /* VPAutoCompleteViewCell.xib in Resources */ = {isa = PBXBuildFile; fileRef = 55DA3784229D8BEA000712CA /* VPAutoCompleteViewCell.xib */; };
		894308FA22B6A4B400EEDE73 /* TokenService.swift in Sources */ = {isa = PBXBuildFile; fileRef = 894308F922B6A4B400EEDE73 /* TokenService.swift */; };
		894308FF22B6A4CC00EEDE73 /* ItemService.swift in Sources */ = {isa = PBXBuildFile; fileRef = 894308FB22B6A4CC00EEDE73 /* ItemService.swift */; };
		8943090022B6A4CC00EEDE73 /* ListService.swift in Sources */ = {isa = PBXBuildFile; fileRef = 894308FE22B6A4CC00EEDE73 /* ListService.swift */; };
		8943090122B6A4CC00EEDE73 /* CategoryService.swift in Sources */ = {isa = PBXBuildFile; fileRef = 894308FC22B6A4CC00EEDE73 /* CategoryService.swift */; };
		8943090222B6A4CC00EEDE73 /* ChecklistService.swift in Sources */ = {isa = PBXBuildFile; fileRef = 894308FD22B6A4CC00EEDE73 /* ChecklistService.swift */; };
		8943090A22B6A5CC00EEDE73 /* DateRecipe.swift in Sources */ = {isa = PBXBuildFile; fileRef = 8943090922B6A5CC00EEDE73 /* DateRecipe.swift */; };
		8943090D22B6AA7900EEDE73 /* ItemGet.swift in Sources */ = {isa = PBXBuildFile; fileRef = 8943090622B6A50300EEDE73 /* ItemGet.swift */; };
		8943090E22B6AA7F00EEDE73 /* Session.swift in Sources */ = {isa = PBXBuildFile; fileRef = 8943090522B6A50300EEDE73 /* Session.swift */; };
		8943090F22B6AA8300EEDE73 /* ListGet.swift in Sources */ = {isa = PBXBuildFile; fileRef = 8943090722B6A50300EEDE73 /* ListGet.swift */; };
		8943091022B6AA8600EEDE73 /* CategoryGet.swift in Sources */ = {isa = PBXBuildFile; fileRef = 8943090822B6A50300EEDE73 /* CategoryGet.swift */; };
		8989784222AA79D700918F95 /* ExampleData.swift in Sources */ = {isa = PBXBuildFile; fileRef = 8989784122AA79D700918F95 /* ExampleData.swift */; };
		8989784422AA809F00918F95 /* FooterList.xib in Resources */ = {isa = PBXBuildFile; fileRef = 8989784322AA809F00918F95 /* FooterList.xib */; };
		8989784622AAAAAF00918F95 /* ListDetailController.swift in Sources */ = {isa = PBXBuildFile; fileRef = 8989784522AAAAAF00918F95 /* ListDetailController.swift */; };
		8989784822AAAABA00918F95 /* ListDetailCell.swift in Sources */ = {isa = PBXBuildFile; fileRef = 8989784722AAAABA00918F95 /* ListDetailCell.swift */; };
		89F2D9C022B69C0B004D7AF0 /* PatternInformationController.swift in Sources */ = {isa = PBXBuildFile; fileRef = 89F2D9BF22B69C0B004D7AF0 /* PatternInformationController.swift */; };
		89F2D9C222B69C1E004D7AF0 /* PatternProductCell.swift in Sources */ = {isa = PBXBuildFile; fileRef = 89F2D9C122B69C1E004D7AF0 /* PatternProductCell.swift */; };
		89FFE2DA2289928100784297 /* AppDelegate.swift in Sources */ = {isa = PBXBuildFile; fileRef = 89FFE2D92289928100784297 /* AppDelegate.swift */; };
		89FFE2DC2289928100784297 /* ListController.swift in Sources */ = {isa = PBXBuildFile; fileRef = 89FFE2DB2289928100784297 /* ListController.swift */; };
		89FFE2DF2289928100784297 /* Main.storyboard in Resources */ = {isa = PBXBuildFile; fileRef = 89FFE2DD2289928100784297 /* Main.storyboard */; };
		89FFE2E12289928200784297 /* Assets.xcassets in Resources */ = {isa = PBXBuildFile; fileRef = 89FFE2E02289928200784297 /* Assets.xcassets */; };
		89FFE2E42289928200784297 /* LaunchScreen.storyboard in Resources */ = {isa = PBXBuildFile; fileRef = 89FFE2E22289928200784297 /* LaunchScreen.storyboard */; };
		98692D7C473B038DEFB1EFE7 /* Pods_BuyList.framework in Frameworks */ = {isa = PBXBuildFile; fileRef = 249FD9E3F756712DE3414E77 /* Pods_BuyList.framework */; };
/* End PBXBuildFile section */

/* Begin PBXFileReference section */
		249FD9E3F756712DE3414E77 /* Pods_BuyList.framework */ = {isa = PBXFileReference; explicitFileType = wrapper.framework; includeInIndex = 0; path = Pods_BuyList.framework; sourceTree = BUILT_PRODUCTS_DIR; };
		550DCA59228ACAF400A04E7F /* ListCell.swift */ = {isa = PBXFileReference; lastKnownFileType = sourcecode.swift; path = ListCell.swift; sourceTree = "<group>"; };
		5541767E229458A700AE8E8F /* RecipeController.swift */ = {isa = PBXFileReference; lastKnownFileType = sourcecode.swift; path = RecipeController.swift; sourceTree = "<group>"; };
		55417680229458D000AE8E8F /* RecipeInstructionCell.swift */ = {isa = PBXFileReference; lastKnownFileType = sourcecode.swift; path = RecipeInstructionCell.swift; sourceTree = "<group>"; };
		554176822294591800AE8E8F /* RecipeInformationController.swift */ = {isa = PBXFileReference; lastKnownFileType = sourcecode.swift; path = RecipeInformationController.swift; sourceTree = "<group>"; };
		554176842294595700AE8E8F /* RecipeProductCell.swift */ = {isa = PBXFileReference; lastKnownFileType = sourcecode.swift; path = RecipeProductCell.swift; sourceTree = "<group>"; };
		55417686229463A900AE8E8F /* RecipeCell.swift */ = {isa = PBXFileReference; lastKnownFileType = sourcecode.swift; path = RecipeCell.swift; sourceTree = "<group>"; };
		55772E0B228C5ACF00211630 /* HeaderList.xib */ = {isa = PBXFileReference; lastKnownFileType = file.xib; path = HeaderList.xib; sourceTree = "<group>"; };
		55772E0D228C5AE000211630 /* HeaderList.swift */ = {isa = PBXFileReference; lastKnownFileType = sourcecode.swift; path = HeaderList.swift; sourceTree = "<group>"; };
		55B827C622C27EF2001903FD /* ListGetItems.swift */ = {isa = PBXFileReference; lastKnownFileType = sourcecode.swift; path = ListGetItems.swift; sourceTree = "<group>"; };
		55BC4F0F2296E9F8001D231A /* HeaderRecipe.swift */ = {isa = PBXFileReference; lastKnownFileType = sourcecode.swift; path = HeaderRecipe.swift; sourceTree = "<group>"; };
		55BC4F112296EA0B001D231A /* HeaderRecipe.xib */ = {isa = PBXFileReference; lastKnownFileType = file.xib; path = HeaderRecipe.xib; sourceTree = "<group>"; };
		55BDA4CB22A024F70044B6AE /* NewCategoryViewController.swift */ = {isa = PBXFileReference; lastKnownFileType = sourcecode.swift; path = NewCategoryViewController.swift; sourceTree = "<group>"; };
		55BDA4CD22A026320044B6AE /* CategoryCircleView.swift */ = {isa = PBXFileReference; lastKnownFileType = sourcecode.swift; path = CategoryCircleView.swift; sourceTree = "<group>"; };
		55DA3780229D8BA3000712CA /* VPAutoComplete.swift */ = {isa = PBXFileReference; lastKnownFileType = sourcecode.swift; path = VPAutoComplete.swift; sourceTree = "<group>"; };
		55DA3782229D8BC6000712CA /* VPAutoCompleteViewCell.swift */ = {isa = PBXFileReference; lastKnownFileType = sourcecode.swift; path = VPAutoCompleteViewCell.swift; sourceTree = "<group>"; };
		55DA3784229D8BEA000712CA /* VPAutoCompleteViewCell.xib */ = {isa = PBXFileReference; lastKnownFileType = file.xib; path = VPAutoCompleteViewCell.xib; sourceTree = "<group>"; };
		855E86923BAA10D101038F08 /* Pods-BuyList.debug.xcconfig */ = {isa = PBXFileReference; includeInIndex = 1; lastKnownFileType = text.xcconfig; name = "Pods-BuyList.debug.xcconfig"; path = "Target Support Files/Pods-BuyList/Pods-BuyList.debug.xcconfig"; sourceTree = "<group>"; };
		894308F922B6A4B400EEDE73 /* TokenService.swift */ = {isa = PBXFileReference; lastKnownFileType = sourcecode.swift; path = TokenService.swift; sourceTree = "<group>"; };
		894308FB22B6A4CC00EEDE73 /* ItemService.swift */ = {isa = PBXFileReference; lastKnownFileType = sourcecode.swift; path = ItemService.swift; sourceTree = "<group>"; };
		894308FC22B6A4CC00EEDE73 /* CategoryService.swift */ = {isa = PBXFileReference; lastKnownFileType = sourcecode.swift; path = CategoryService.swift; sourceTree = "<group>"; };
		894308FD22B6A4CC00EEDE73 /* ChecklistService.swift */ = {isa = PBXFileReference; lastKnownFileType = sourcecode.swift; path = ChecklistService.swift; sourceTree = "<group>"; };
		894308FE22B6A4CC00EEDE73 /* ListService.swift */ = {isa = PBXFileReference; lastKnownFileType = sourcecode.swift; path = ListService.swift; sourceTree = "<group>"; };
		8943090522B6A50300EEDE73 /* Session.swift */ = {isa = PBXFileReference; lastKnownFileType = sourcecode.swift; path = Session.swift; sourceTree = "<group>"; };
		8943090622B6A50300EEDE73 /* ItemGet.swift */ = {isa = PBXFileReference; lastKnownFileType = sourcecode.swift; path = ItemGet.swift; sourceTree = "<group>"; };
		8943090722B6A50300EEDE73 /* ListGet.swift */ = {isa = PBXFileReference; lastKnownFileType = sourcecode.swift; path = ListGet.swift; sourceTree = "<group>"; };
		8943090822B6A50300EEDE73 /* CategoryGet.swift */ = {isa = PBXFileReference; lastKnownFileType = sourcecode.swift; path = CategoryGet.swift; sourceTree = "<group>"; };
		8943090922B6A5CC00EEDE73 /* DateRecipe.swift */ = {isa = PBXFileReference; lastKnownFileType = sourcecode.swift; path = DateRecipe.swift; sourceTree = "<group>"; };
		8989784122AA79D700918F95 /* ExampleData.swift */ = {isa = PBXFileReference; lastKnownFileType = sourcecode.swift; path = ExampleData.swift; sourceTree = "<group>"; };
		8989784322AA809F00918F95 /* FooterList.xib */ = {isa = PBXFileReference; lastKnownFileType = file.xib; path = FooterList.xib; sourceTree = "<group>"; };
		8989784522AAAAAF00918F95 /* ListDetailController.swift */ = {isa = PBXFileReference; lastKnownFileType = sourcecode.swift; path = ListDetailController.swift; sourceTree = "<group>"; };
		8989784722AAAABA00918F95 /* ListDetailCell.swift */ = {isa = PBXFileReference; lastKnownFileType = sourcecode.swift; path = ListDetailCell.swift; sourceTree = "<group>"; };
		89F2D9BF22B69C0B004D7AF0 /* PatternInformationController.swift */ = {isa = PBXFileReference; lastKnownFileType = sourcecode.swift; path = PatternInformationController.swift; sourceTree = "<group>"; };
		89F2D9C122B69C1E004D7AF0 /* PatternProductCell.swift */ = {isa = PBXFileReference; lastKnownFileType = sourcecode.swift; path = PatternProductCell.swift; sourceTree = "<group>"; };
		89FFE2D62289928100784297 /* BuyList.app */ = {isa = PBXFileReference; explicitFileType = wrapper.application; includeInIndex = 0; path = BuyList.app; sourceTree = BUILT_PRODUCTS_DIR; };
		89FFE2D92289928100784297 /* AppDelegate.swift */ = {isa = PBXFileReference; lastKnownFileType = sourcecode.swift; path = AppDelegate.swift; sourceTree = "<group>"; };
		89FFE2DB2289928100784297 /* ListController.swift */ = {isa = PBXFileReference; lastKnownFileType = sourcecode.swift; path = ListController.swift; sourceTree = "<group>"; };
		89FFE2DE2289928100784297 /* Base */ = {isa = PBXFileReference; lastKnownFileType = file.storyboard; name = Base; path = Base.lproj/Main.storyboard; sourceTree = "<group>"; };
		89FFE2E02289928200784297 /* Assets.xcassets */ = {isa = PBXFileReference; lastKnownFileType = folder.assetcatalog; path = Assets.xcassets; sourceTree = "<group>"; };
		89FFE2E32289928200784297 /* Base */ = {isa = PBXFileReference; lastKnownFileType = file.storyboard; name = Base; path = Base.lproj/LaunchScreen.storyboard; sourceTree = "<group>"; };
		89FFE2E52289928200784297 /* Info.plist */ = {isa = PBXFileReference; lastKnownFileType = text.plist.xml; path = Info.plist; sourceTree = "<group>"; };
		AA49D589656D356679B33C1E /* Pods-BuyList.release.xcconfig */ = {isa = PBXFileReference; includeInIndex = 1; lastKnownFileType = text.xcconfig; name = "Pods-BuyList.release.xcconfig"; path = "Target Support Files/Pods-BuyList/Pods-BuyList.release.xcconfig"; sourceTree = "<group>"; };
/* End PBXFileReference section */

/* Begin PBXFrameworksBuildPhase section */
		89FFE2D32289928100784297 /* Frameworks */ = {
			isa = PBXFrameworksBuildPhase;
			buildActionMask = 2147483647;
			files = (
				98692D7C473B038DEFB1EFE7 /* Pods_BuyList.framework in Frameworks */,
			);
			runOnlyForDeploymentPostprocessing = 0;
		};
/* End PBXFrameworksBuildPhase section */

/* Begin PBXGroup section */
		08A2656D6F4B21F2B7564E5A /* Pods */ = {
			isa = PBXGroup;
			children = (
				855E86923BAA10D101038F08 /* Pods-BuyList.debug.xcconfig */,
				AA49D589656D356679B33C1E /* Pods-BuyList.release.xcconfig */,
			);
			path = Pods;
			sourceTree = "<group>";
		};
		554176752294525400AE8E8F /* HeaderRecipe */ = {
			isa = PBXGroup;
			children = (
				55BC4F0F2296E9F8001D231A /* HeaderRecipe.swift */,
				55BC4F112296EA0B001D231A /* HeaderRecipe.xib */,
			);
			path = HeaderRecipe;
			sourceTree = "<group>";
		};
		5541767C2294586300AE8E8F /* Recipe */ = {
			isa = PBXGroup;
			children = (
				5541767E229458A700AE8E8F /* RecipeController.swift */,
				55417686229463A900AE8E8F /* RecipeCell.swift */,
				554176822294591800AE8E8F /* RecipeInformationController.swift */,
				554176842294595700AE8E8F /* RecipeProductCell.swift */,
				55417680229458D000AE8E8F /* RecipeInstructionCell.swift */,
				8943090922B6A5CC00EEDE73 /* DateRecipe.swift */,
			);
			path = Recipe;
			sourceTree = "<group>";
		};
		555AB63D228C720B00D098D8 /* HeaderList */ = {
			isa = PBXGroup;
			children = (
				55772E0D228C5AE000211630 /* HeaderList.swift */,
				55772E0B228C5ACF00211630 /* HeaderList.xib */,
				8989784322AA809F00918F95 /* FooterList.xib */,
			);
			path = HeaderList;
			sourceTree = "<group>";
		};
		55BDA4CA22A024B90044B6AE /* NewCategory */ = {
			isa = PBXGroup;
			children = (
				55BDA4CB22A024F70044B6AE /* NewCategoryViewController.swift */,
				55BDA4CD22A026320044B6AE /* CategoryCircleView.swift */,
			);
			path = NewCategory;
			sourceTree = "<group>";
		};
		55DA377F229D8B80000712CA /* VPAutoComplete-Source */ = {
			isa = PBXGroup;
			children = (
				55DA3780229D8BA3000712CA /* VPAutoComplete.swift */,
				55DA3782229D8BC6000712CA /* VPAutoCompleteViewCell.swift */,
				55DA3784229D8BEA000712CA /* VPAutoCompleteViewCell.xib */,
			);
			path = "VPAutoComplete-Source";
			sourceTree = "<group>";
		};
		67145A9783A1BEB0F12F7774 /* Frameworks */ = {
			isa = PBXGroup;
			children = (
				249FD9E3F756712DE3414E77 /* Pods_BuyList.framework */,
			);
			name = Frameworks;
			sourceTree = "<group>";
		};
		8943090322B6A4DA00EEDE73 /* Networking */ = {
			isa = PBXGroup;
			children = (
				894308F922B6A4B400EEDE73 /* TokenService.swift */,
				894308FC22B6A4CC00EEDE73 /* CategoryService.swift */,
				894308FD22B6A4CC00EEDE73 /* ChecklistService.swift */,
				894308FB22B6A4CC00EEDE73 /* ItemService.swift */,
				894308FE22B6A4CC00EEDE73 /* ListService.swift */,
			);
			path = Networking;
			sourceTree = "<group>";
		};
		8943090422B6A50300EEDE73 /* Model */ = {
			isa = PBXGroup;
			children = (
				8943090522B6A50300EEDE73 /* Session.swift */,
				8943090622B6A50300EEDE73 /* ItemGet.swift */,
				8943090722B6A50300EEDE73 /* ListGet.swift */,
				55B827C622C27EF2001903FD /* ListGetItems.swift */,
				8943090822B6A50300EEDE73 /* CategoryGet.swift */,
			);
			path = Model;
			sourceTree = "<group>";
		};
		89F2D9C322B69C23004D7AF0 /* Pattern */ = {
			isa = PBXGroup;
			children = (
				89F2D9BF22B69C0B004D7AF0 /* PatternInformationController.swift */,
				89F2D9C122B69C1E004D7AF0 /* PatternProductCell.swift */,
			);
			path = Pattern;
			sourceTree = "<group>";
		};
		89FFE2CD2289928100784297 = {
			isa = PBXGroup;
			children = (
				89FFE2D82289928100784297 /* BuyList */,
				89FFE2D72289928100784297 /* Products */,
				08A2656D6F4B21F2B7564E5A /* Pods */,
				67145A9783A1BEB0F12F7774 /* Frameworks */,
			);
			sourceTree = "<group>";
		};
		89FFE2D72289928100784297 /* Products */ = {
			isa = PBXGroup;
			children = (
				89FFE2D62289928100784297 /* BuyList.app */,
			);
			name = Products;
			sourceTree = "<group>";
		};
		89FFE2D82289928100784297 /* BuyList */ = {
			isa = PBXGroup;
			children = (
				89FFE2D92289928100784297 /* AppDelegate.swift */,
				89FFE2DB2289928100784297 /* ListController.swift */,
				550DCA59228ACAF400A04E7F /* ListCell.swift */,
				8989784522AAAAAF00918F95 /* ListDetailController.swift */,
				8989784722AAAABA00918F95 /* ListDetailCell.swift */,
				8989784122AA79D700918F95 /* ExampleData.swift */,
				89FFE2DD2289928100784297 /* Main.storyboard */,
				8943090422B6A50300EEDE73 /* Model */,
				8943090322B6A4DA00EEDE73 /* Networking */,
				89F2D9C322B69C23004D7AF0 /* Pattern */,
				5541767C2294586300AE8E8F /* Recipe */,
				555AB63D228C720B00D098D8 /* HeaderList */,
				554176752294525400AE8E8F /* HeaderRecipe */,
				55BDA4CA22A024B90044B6AE /* NewCategory */,
				55DA377F229D8B80000712CA /* VPAutoComplete-Source */,
				89FFE2E02289928200784297 /* Assets.xcassets */,
				89FFE2E22289928200784297 /* LaunchScreen.storyboard */,
				89FFE2E52289928200784297 /* Info.plist */,
			);
			path = BuyList;
			sourceTree = "<group>";
		};
/* End PBXGroup section */

/* Begin PBXNativeTarget section */
		89FFE2D52289928100784297 /* BuyList */ = {
			isa = PBXNativeTarget;
			buildConfigurationList = 89FFE2E82289928200784297 /* Build configuration list for PBXNativeTarget "BuyList" */;
			buildPhases = (
				75B10A170E7DD9803F727793 /* [CP] Check Pods Manifest.lock */,
				89FFE2D22289928100784297 /* Sources */,
				89FFE2D32289928100784297 /* Frameworks */,
				89FFE2D42289928100784297 /* Resources */,
				0031A0104841B42BB866FA14 /* [CP] Embed Pods Frameworks */,
			);
			buildRules = (
			);
			dependencies = (
			);
			name = BuyList;
			productName = BuyList;
			productReference = 89FFE2D62289928100784297 /* BuyList.app */;
			productType = "com.apple.product-type.application";
		};
/* End PBXNativeTarget section */

/* Begin PBXProject section */
		89FFE2CE2289928100784297 /* Project object */ = {
			isa = PBXProject;
			attributes = {
				LastSwiftUpdateCheck = 1010;
				LastUpgradeCheck = 1010;
				ORGANIZATIONNAME = "WORTUS Inc.";
				TargetAttributes = {
					89FFE2D52289928100784297 = {
						CreatedOnToolsVersion = 10.1;
					};
				};
			};
			buildConfigurationList = 89FFE2D12289928100784297 /* Build configuration list for PBXProject "BuyList" */;
			compatibilityVersion = "Xcode 9.3";
			developmentRegion = en;
			hasScannedForEncodings = 0;
			knownRegions = (
				en,
				Base,
			);
			mainGroup = 89FFE2CD2289928100784297;
			productRefGroup = 89FFE2D72289928100784297 /* Products */;
			projectDirPath = "";
			projectRoot = "";
			targets = (
				89FFE2D52289928100784297 /* BuyList */,
			);
		};
/* End PBXProject section */

/* Begin PBXResourcesBuildPhase section */
		89FFE2D42289928100784297 /* Resources */ = {
			isa = PBXResourcesBuildPhase;
			buildActionMask = 2147483647;
			files = (
				55DA3785229D8BEA000712CA /* VPAutoCompleteViewCell.xib in Resources */,
				55BC4F122296EA0B001D231A /* HeaderRecipe.xib in Resources */,
				8989784422AA809F00918F95 /* FooterList.xib in Resources */,
				55772E0C228C5ACF00211630 /* HeaderList.xib in Resources */,
				89FFE2E42289928200784297 /* LaunchScreen.storyboard in Resources */,
				89FFE2E12289928200784297 /* Assets.xcassets in Resources */,
				89FFE2DF2289928100784297 /* Main.storyboard in Resources */,
			);
			runOnlyForDeploymentPostprocessing = 0;
		};
/* End PBXResourcesBuildPhase section */

/* Begin PBXShellScriptBuildPhase section */
		0031A0104841B42BB866FA14 /* [CP] Embed Pods Frameworks */ = {
			isa = PBXShellScriptBuildPhase;
			buildActionMask = 2147483647;
			files = (
			);
			inputFileListPaths = (
			);
			inputPaths = (
				"${PODS_ROOT}/Target Support Files/Pods-BuyList/Pods-BuyList-frameworks.sh",
				"${BUILT_PRODUCTS_DIR}/Alamofire/Alamofire.framework",
				"${BUILT_PRODUCTS_DIR}/IQKeyboardManagerSwift/IQKeyboardManagerSwift.framework",
				"${BUILT_PRODUCTS_DIR}/Realm/Realm.framework",
				"${BUILT_PRODUCTS_DIR}/RealmSwift/RealmSwift.framework",
				"${BUILT_PRODUCTS_DIR}/SwiftyJSON/SwiftyJSON.framework",
			);
			name = "[CP] Embed Pods Frameworks";
			outputFileListPaths = (
			);
			outputPaths = (
				"${TARGET_BUILD_DIR}/${FRAMEWORKS_FOLDER_PATH}/Alamofire.framework",
				"${TARGET_BUILD_DIR}/${FRAMEWORKS_FOLDER_PATH}/IQKeyboardManagerSwift.framework",
				"${TARGET_BUILD_DIR}/${FRAMEWORKS_FOLDER_PATH}/Realm.framework",
				"${TARGET_BUILD_DIR}/${FRAMEWORKS_FOLDER_PATH}/RealmSwift.framework",
				"${TARGET_BUILD_DIR}/${FRAMEWORKS_FOLDER_PATH}/SwiftyJSON.framework",
			);
			runOnlyForDeploymentPostprocessing = 0;
			shellPath = /bin/sh;
			shellScript = "\"${PODS_ROOT}/Target Support Files/Pods-BuyList/Pods-BuyList-frameworks.sh\"\n";
			showEnvVarsInLog = 0;
		};
		75B10A170E7DD9803F727793 /* [CP] Check Pods Manifest.lock */ = {
			isa = PBXShellScriptBuildPhase;
			buildActionMask = 2147483647;
			files = (
			);
			inputFileListPaths = (
			);
			inputPaths = (
				"${PODS_PODFILE_DIR_PATH}/Podfile.lock",
				"${PODS_ROOT}/Manifest.lock",
			);
			name = "[CP] Check Pods Manifest.lock";
			outputFileListPaths = (
			);
			outputPaths = (
				"$(DERIVED_FILE_DIR)/Pods-BuyList-checkManifestLockResult.txt",
			);
			runOnlyForDeploymentPostprocessing = 0;
			shellPath = /bin/sh;
			shellScript = "diff \"${PODS_PODFILE_DIR_PATH}/Podfile.lock\" \"${PODS_ROOT}/Manifest.lock\" > /dev/null\nif [ $? != 0 ] ; then\n    # print error to STDERR\n    echo \"error: The sandbox is not in sync with the Podfile.lock. Run 'pod install' or update your CocoaPods installation.\" >&2\n    exit 1\nfi\n# This output is used by Xcode 'outputs' to avoid re-running this script phase.\necho \"SUCCESS\" > \"${SCRIPT_OUTPUT_FILE_0}\"\n";
			showEnvVarsInLog = 0;
		};
/* End PBXShellScriptBuildPhase section */

/* Begin PBXSourcesBuildPhase section */
		89FFE2D22289928100784297 /* Sources */ = {
			isa = PBXSourcesBuildPhase;
			buildActionMask = 2147483647;
			files = (
				894308FF22B6A4CC00EEDE73 /* ItemService.swift in Sources */,
				55772E0E228C5AE000211630 /* HeaderList.swift in Sources */,
				554176852294595700AE8E8F /* RecipeProductCell.swift in Sources */,
				8943090122B6A4CC00EEDE73 /* CategoryService.swift in Sources */,
				8943090222B6A4CC00EEDE73 /* ChecklistService.swift in Sources */,
				8989784222AA79D700918F95 /* ExampleData.swift in Sources */,
				55BDA4CC22A024F70044B6AE /* NewCategoryViewController.swift in Sources */,
				8943090022B6A4CC00EEDE73 /* ListService.swift in Sources */,
				55BC4F102296E9F8001D231A /* HeaderRecipe.swift in Sources */,
				554176832294591800AE8E8F /* RecipeInformationController.swift in Sources */,
				89F2D9C222B69C1E004D7AF0 /* PatternProductCell.swift in Sources */,
				550DCA5A228ACAF400A04E7F /* ListCell.swift in Sources */,
				89F2D9C022B69C0B004D7AF0 /* PatternInformationController.swift in Sources */,
				8989784822AAAABA00918F95 /* ListDetailCell.swift in Sources */,
				8989784622AAAAAF00918F95 /* ListDetailController.swift in Sources */,
				55417687229463A900AE8E8F /* RecipeCell.swift in Sources */,
				55417681229458D000AE8E8F /* RecipeInstructionCell.swift in Sources */,
				8943090E22B6AA7F00EEDE73 /* Session.swift in Sources */,
				55BDA4CE22A026320044B6AE /* CategoryCircleView.swift in Sources */,
				89FFE2DC2289928100784297 /* ListController.swift in Sources */,
				55B827C722C27EF2001903FD /* ListGetItems.swift in Sources */,
				8943090F22B6AA8300EEDE73 /* ListGet.swift in Sources */,
				89FFE2DA2289928100784297 /* AppDelegate.swift in Sources */,
				8943091022B6AA8600EEDE73 /* CategoryGet.swift in Sources */,
				5541767F229458A700AE8E8F /* RecipeController.swift in Sources */,
				8943090D22B6AA7900EEDE73 /* ItemGet.swift in Sources */,
				8943090A22B6A5CC00EEDE73 /* DateRecipe.swift in Sources */,
				55DA3783229D8BC6000712CA /* VPAutoCompleteViewCell.swift in Sources */,
				55DA3781229D8BA3000712CA /* VPAutoComplete.swift in Sources */,
				894308FA22B6A4B400EEDE73 /* TokenService.swift in Sources */,
			);
			runOnlyForDeploymentPostprocessing = 0;
		};
/* End PBXSourcesBuildPhase section */

/* Begin PBXVariantGroup section */
		89FFE2DD2289928100784297 /* Main.storyboard */ = {
			isa = PBXVariantGroup;
			children = (
				89FFE2DE2289928100784297 /* Base */,
			);
			name = Main.storyboard;
			sourceTree = "<group>";
		};
		89FFE2E22289928200784297 /* LaunchScreen.storyboard */ = {
			isa = PBXVariantGroup;
			children = (
				89FFE2E32289928200784297 /* Base */,
			);
			name = LaunchScreen.storyboard;
			sourceTree = "<group>";
		};
/* End PBXVariantGroup section */

/* Begin XCBuildConfiguration section */
		89FFE2E62289928200784297 /* Debug */ = {
			isa = XCBuildConfiguration;
			buildSettings = {
				ALWAYS_SEARCH_USER_PATHS = NO;
				CLANG_ANALYZER_NONNULL = YES;
				CLANG_ANALYZER_NUMBER_OBJECT_CONVERSION = YES_AGGRESSIVE;
				CLANG_CXX_LANGUAGE_STANDARD = "gnu++14";
				CLANG_CXX_LIBRARY = "libc++";
				CLANG_ENABLE_MODULES = YES;
				CLANG_ENABLE_OBJC_ARC = YES;
				CLANG_ENABLE_OBJC_WEAK = YES;
				CLANG_WARN_BLOCK_CAPTURE_AUTORELEASING = YES;
				CLANG_WARN_BOOL_CONVERSION = YES;
				CLANG_WARN_COMMA = YES;
				CLANG_WARN_CONSTANT_CONVERSION = YES;
				CLANG_WARN_DEPRECATED_OBJC_IMPLEMENTATIONS = YES;
				CLANG_WARN_DIRECT_OBJC_ISA_USAGE = YES_ERROR;
				CLANG_WARN_DOCUMENTATION_COMMENTS = YES;
				CLANG_WARN_EMPTY_BODY = YES;
				CLANG_WARN_ENUM_CONVERSION = YES;
				CLANG_WARN_INFINITE_RECURSION = YES;
				CLANG_WARN_INT_CONVERSION = YES;
				CLANG_WARN_NON_LITERAL_NULL_CONVERSION = YES;
				CLANG_WARN_OBJC_IMPLICIT_RETAIN_SELF = YES;
				CLANG_WARN_OBJC_LITERAL_CONVERSION = YES;
				CLANG_WARN_OBJC_ROOT_CLASS = YES_ERROR;
				CLANG_WARN_RANGE_LOOP_ANALYSIS = YES;
				CLANG_WARN_STRICT_PROTOTYPES = YES;
				CLANG_WARN_SUSPICIOUS_MOVE = YES;
				CLANG_WARN_UNGUARDED_AVAILABILITY = YES_AGGRESSIVE;
				CLANG_WARN_UNREACHABLE_CODE = YES;
				CLANG_WARN__DUPLICATE_METHOD_MATCH = YES;
				CODE_SIGN_IDENTITY = "iPhone Developer";
				COPY_PHASE_STRIP = NO;
				DEBUG_INFORMATION_FORMAT = dwarf;
				ENABLE_STRICT_OBJC_MSGSEND = YES;
				ENABLE_TESTABILITY = YES;
				GCC_C_LANGUAGE_STANDARD = gnu11;
				GCC_DYNAMIC_NO_PIC = NO;
				GCC_NO_COMMON_BLOCKS = YES;
				GCC_OPTIMIZATION_LEVEL = 0;
				GCC_PREPROCESSOR_DEFINITIONS = (
					"DEBUG=1",
					"$(inherited)",
				);
				GCC_WARN_64_TO_32_BIT_CONVERSION = YES;
				GCC_WARN_ABOUT_RETURN_TYPE = YES_ERROR;
				GCC_WARN_UNDECLARED_SELECTOR = YES;
				GCC_WARN_UNINITIALIZED_AUTOS = YES_AGGRESSIVE;
				GCC_WARN_UNUSED_FUNCTION = YES;
				GCC_WARN_UNUSED_VARIABLE = YES;
				IPHONEOS_DEPLOYMENT_TARGET = 12.1;
				MTL_ENABLE_DEBUG_INFO = INCLUDE_SOURCE;
				MTL_FAST_MATH = YES;
				ONLY_ACTIVE_ARCH = YES;
				SDKROOT = iphoneos;
				SWIFT_ACTIVE_COMPILATION_CONDITIONS = DEBUG;
				SWIFT_OPTIMIZATION_LEVEL = "-Onone";
			};
			name = Debug;
		};
		89FFE2E72289928200784297 /* Release */ = {
			isa = XCBuildConfiguration;
			buildSettings = {
				ALWAYS_SEARCH_USER_PATHS = NO;
				CLANG_ANALYZER_NONNULL = YES;
				CLANG_ANALYZER_NUMBER_OBJECT_CONVERSION = YES_AGGRESSIVE;
				CLANG_CXX_LANGUAGE_STANDARD = "gnu++14";
				CLANG_CXX_LIBRARY = "libc++";
				CLANG_ENABLE_MODULES = YES;
				CLANG_ENABLE_OBJC_ARC = YES;
				CLANG_ENABLE_OBJC_WEAK = YES;
				CLANG_WARN_BLOCK_CAPTURE_AUTORELEASING = YES;
				CLANG_WARN_BOOL_CONVERSION = YES;
				CLANG_WARN_COMMA = YES;
				CLANG_WARN_CONSTANT_CONVERSION = YES;
				CLANG_WARN_DEPRECATED_OBJC_IMPLEMENTATIONS = YES;
				CLANG_WARN_DIRECT_OBJC_ISA_USAGE = YES_ERROR;
				CLANG_WARN_DOCUMENTATION_COMMENTS = YES;
				CLANG_WARN_EMPTY_BODY = YES;
				CLANG_WARN_ENUM_CONVERSION = YES;
				CLANG_WARN_INFINITE_RECURSION = YES;
				CLANG_WARN_INT_CONVERSION = YES;
				CLANG_WARN_NON_LITERAL_NULL_CONVERSION = YES;
				CLANG_WARN_OBJC_IMPLICIT_RETAIN_SELF = YES;
				CLANG_WARN_OBJC_LITERAL_CONVERSION = YES;
				CLANG_WARN_OBJC_ROOT_CLASS = YES_ERROR;
				CLANG_WARN_RANGE_LOOP_ANALYSIS = YES;
				CLANG_WARN_STRICT_PROTOTYPES = YES;
				CLANG_WARN_SUSPICIOUS_MOVE = YES;
				CLANG_WARN_UNGUARDED_AVAILABILITY = YES_AGGRESSIVE;
				CLANG_WARN_UNREACHABLE_CODE = YES;
				CLANG_WARN__DUPLICATE_METHOD_MATCH = YES;
				CODE_SIGN_IDENTITY = "iPhone Developer";
				COPY_PHASE_STRIP = NO;
				DEBUG_INFORMATION_FORMAT = "dwarf-with-dsym";
				ENABLE_NS_ASSERTIONS = NO;
				ENABLE_STRICT_OBJC_MSGSEND = YES;
				GCC_C_LANGUAGE_STANDARD = gnu11;
				GCC_NO_COMMON_BLOCKS = YES;
				GCC_WARN_64_TO_32_BIT_CONVERSION = YES;
				GCC_WARN_ABOUT_RETURN_TYPE = YES_ERROR;
				GCC_WARN_UNDECLARED_SELECTOR = YES;
				GCC_WARN_UNINITIALIZED_AUTOS = YES_AGGRESSIVE;
				GCC_WARN_UNUSED_FUNCTION = YES;
				GCC_WARN_UNUSED_VARIABLE = YES;
				IPHONEOS_DEPLOYMENT_TARGET = 12.1;
				MTL_ENABLE_DEBUG_INFO = NO;
				MTL_FAST_MATH = YES;
				SDKROOT = iphoneos;
				SWIFT_COMPILATION_MODE = wholemodule;
				SWIFT_OPTIMIZATION_LEVEL = "-O";
				VALIDATE_PRODUCT = YES;
			};
			name = Release;
		};
		89FFE2E92289928200784297 /* Debug */ = {
			isa = XCBuildConfiguration;
			baseConfigurationReference = 855E86923BAA10D101038F08 /* Pods-BuyList.debug.xcconfig */;
			buildSettings = {
				ASSETCATALOG_COMPILER_APPICON_NAME = AppIcon;
				CODE_SIGN_STYLE = Automatic;
				DEVELOPMENT_TEAM = NS9Y676XLH;
				INFOPLIST_FILE = BuyList/Info.plist;
				LD_RUNPATH_SEARCH_PATHS = (
					"$(inherited)",
					"@executable_path/Frameworks",
				);
				PRODUCT_BUNDLE_IDENTIFIER = "WORTUS-Inc.BuyList";
				PRODUCT_NAME = "$(TARGET_NAME)";
				SWIFT_VERSION = 4.2;
				TARGETED_DEVICE_FAMILY = "1,2";
			};
			name = Debug;
		};
		89FFE2EA2289928200784297 /* Release */ = {
			isa = XCBuildConfiguration;
			baseConfigurationReference = AA49D589656D356679B33C1E /* Pods-BuyList.release.xcconfig */;
			buildSettings = {
				ASSETCATALOG_COMPILER_APPICON_NAME = AppIcon;
				CODE_SIGN_STYLE = Automatic;
				DEVELOPMENT_TEAM = NS9Y676XLH;
				INFOPLIST_FILE = BuyList/Info.plist;
				LD_RUNPATH_SEARCH_PATHS = (
					"$(inherited)",
					"@executable_path/Frameworks",
				);
				PRODUCT_BUNDLE_IDENTIFIER = "WORTUS-Inc.BuyList";
				PRODUCT_NAME = "$(TARGET_NAME)";
				SWIFT_VERSION = 4.2;
				TARGETED_DEVICE_FAMILY = "1,2";
			};
			name = Release;
		};
/* End XCBuildConfiguration section */

/* Begin XCConfigurationList section */
		89FFE2D12289928100784297 /* Build configuration list for PBXProject "BuyList" */ = {
			isa = XCConfigurationList;
			buildConfigurations = (
				89FFE2E62289928200784297 /* Debug */,
				89FFE2E72289928200784297 /* Release */,
			);
			defaultConfigurationIsVisible = 0;
			defaultConfigurationName = Release;
		};
		89FFE2E82289928200784297 /* Build configuration list for PBXNativeTarget "BuyList" */ = {
			isa = XCConfigurationList;
			buildConfigurations = (
				89FFE2E92289928200784297 /* Debug */,
				89FFE2EA2289928200784297 /* Release */,
			);
			defaultConfigurationIsVisible = 0;
			defaultConfigurationName = Release;
		};
/* End XCConfigurationList section */
	};
	rootObject = 89FFE2CE2289928100784297 /* Project object */;
}
